
Microsoft Visual Studio Solution File, Format Version 12.00
# Visual Studio Version 16
VisualStudioVersion = 16.0.32106.194
MinimumVisualStudioVersion = 10.0.40219.1
Project("{FAE04EC0-301F-11D3-BF4B-00C04F79EFBC}") = "P225ReferenceTypeValueType", "P225ReferenceTypeValueType.csproj", "{B73CC364-246E-4F3A-AE2F-58DA94398549}"
EndProject
Global
	GlobalSection(SolutionConfigurationPlatforms) = preSolution
		Debug|Any CPU = Debug|Any CPU
		Release|Any CPU = Release|Any CPU
	EndGlobalSection
	GlobalSection(ProjectConfigurationPlatforms) = postSolution
		{B73CC364-246E-4F3A-AE2F-58DA94398549}.Debug|Any CPU.ActiveCfg = Debug|Any CPU
		{B73CC364-246E-4F3A-AE2F-58DA94398549}.Debug|Any CPU.Build.0 = Debug|Any CPU
		{B73CC364-246E-4F3A-AE2F-58DA94398549}.Release|Any CPU.ActiveCfg = Release|Any CPU
		{B73CC364-246E-4F3A-AE2F-58DA94398549}.Release|Any CPU.Build.0 = Release|Any CPU
	EndGlobalSection
	GlobalSection(SolutionProperties) = preSolution
		HideSolutionNode = FALSE
	EndGlobalSection
	GlobalSection(ExtensibilityGlobals) = postSolution
		SolutionGuid = {43DD7BDE-C7FC-4974-9129-3FF22E4B9339}
	EndGlobalSection
EndGlobal
